
Microsoft Visual Studio Solution File, Format Version 12.00
# Visual Studio Version 17
VisualStudioVersion = 17.7.34202.233
MinimumVisualStudioVersion = 10.0.40219.1
Project("{9A19103F-16F7-4668-BE54-9A1E7A4F7556}") = "WinFormsApp", "WinFormsApp\WinFormsApp.csproj", "{7E772E5C-4ACD-441E-B90B-F99E75CAF1F0}"
EndProject
Global
	GlobalSection(SolutionConfigurationPlatforms) = preSolution
		Debug|Any CPU = Debug|Any CPU
		Release|Any CPU = Release|Any CPU
	EndGlobalSection
	GlobalSection(ProjectConfigurationPlatforms) = postSolution
		{7E772E5C-4ACD-441E-B90B-F99E75CAF1F0}.Debug|Any CPU.ActiveCfg = Debug|Any CPU
		{7E772E5C-4ACD-441E-B90B-F99E75CAF1F0}.Debug|Any CPU.Build.0 = Debug|Any CPU
		{7E772E5C-4ACD-441E-B90B-F99E75CAF1F0}.Release|Any CPU.ActiveCfg = Release|Any CPU
		{7E772E5C-4ACD-441E-B90B-F99E75CAF1F0}.Release|Any CPU.Build.0 = Release|Any CPU
	EndGlobalSection
	GlobalSection(SolutionProperties) = preSolution
		HideSolutionNode = FALSE
	EndGlobalSection
	GlobalSection(ExtensibilityGlobals) = postSolution
		SolutionGuid = {C050AB13-3FB7-40F7-BE47-D385B1E81A37}
	EndGlobalSection
EndGlobal
