
Microsoft Visual Studio Solution File, Format Version 12.00
# Visual Studio Version 17
VisualStudioVersion = 17.6.33829.357
MinimumVisualStudioVersion = 10.0.40219.1
Project("{FAE04EC0-301F-11D3-BF4B-00C04F79EFBC}") = "LayoutPrincipal", "LayoutPrincipal.csproj", "{333439DE-AD4D-4DB5-96E0-6C401CA3716A}"
EndProject
Global
	GlobalSection(SolutionConfigurationPlatforms) = preSolution
		Debug|Any CPU = Debug|Any CPU
		Release|Any CPU = Release|Any CPU
	EndGlobalSection
	GlobalSection(ProjectConfigurationPlatforms) = postSolution
		{333439DE-AD4D-4DB5-96E0-6C401CA3716A}.Debug|Any CPU.ActiveCfg = Debug|Any CPU
		{333439DE-AD4D-4DB5-96E0-6C401CA3716A}.Debug|Any CPU.Build.0 = Debug|Any CPU
		{333439DE-AD4D-4DB5-96E0-6C401CA3716A}.Release|Any CPU.ActiveCfg = Release|Any CPU
		{333439DE-AD4D-4DB5-96E0-6C401CA3716A}.Release|Any CPU.Build.0 = Release|Any CPU
	EndGlobalSection
	GlobalSection(SolutionProperties) = preSolution
		HideSolutionNode = FALSE
	EndGlobalSection
	GlobalSection(ExtensibilityGlobals) = postSolution
		SolutionGuid = {FFBB431F-293F-4115-A291-C1520F3C1EA7}
	EndGlobalSection
EndGlobal
